github.com/google/uuid v1.6.0 h1:NIvaJDMOsjHA8n1jAhLSgzrAzy1Hgr+hNrb57e+94F0=
github.com/google/uuid v1.6.0/go.mod h1:TIyPZe4MgqvfeYDBFedMoGGpEw/LqOeaOT+nhxU+yHo=
github.com/mhthrh/common-lib v0.0.0-20250121230819-a038d58306e1 h1:bNkfwdQ90hfDSuBrg3xDcQj6Kq2+Ts72nrMfnYHrdUo=
github.com/mhthrh/common-lib v0.0.0-20250121230819-a038d58306e1/go.mod h1:FksLmNfiHsnnL5FQ4ixI6hJ3zcYbh+xhkKaVlSS3oaA=
github.com/mhthrh/common-lib v0.0.0-20250122003542-41925a8f4ace h1:alXWJ6N9wRywzC+/fY/X3s6vsdIfZmmaon60zNipMZo=
github.com/mhthrh/common-lib v0.0.0-20250122003542-41925a8f4ace/go.mod h1:FksLmNfiHsnnL5FQ4ixI6hJ3zcYbh+xhkKaVlSS3oaA=
github.com/mhthrh/common-lib v0.0.0-20250122214829-7743b078e5e3 h1:ZVA7gZ1ALc3EcPdxQHAce5buYTpBiZu4nCXMN+NnewA=
github.com/mhthrh/common-lib v0.0.0-20250122214829-7743b078e5e3/go.mod h1:FksLmNfiHsnnL5FQ4ixI6hJ3zcYbh+xhkKaVlSS3oaA=
github.com/mhthrh/common-lib v0.0.0-20250122230828-fa5b500efa87 h1:3LHhNpxGjSzXoTUy0jFqE8L/kS4JN8I2iGc8w8li8XM=
github.com/mhthrh/common-lib v0.0.0-20250122230828-fa5b500efa87/go.mod h1:FksLmNfiHsnnL5FQ4ixI6hJ3zcYbh+xhkKaVlSS3oaA=
github.com/mhthrh/common-lib v0.0.0-20250123001333-4f75a52210d0 h1:kpsPq/UrCoiBjl63rWSmOgyDEA6y5FV2Ji2Nr4phYZk=
github.com/mhthrh/common-lib v0.0.0-20250123001333-4f75a52210d0/go.mod h1:FksLmNfiHsnnL5FQ4ixI6hJ3zcYbh+xhkKaVlSS3oaA=
github.com/mhthrh/common-lib v0.0.0-20250123001659-84dc645e06fb h1:35Ut7zG0a1O3aTss7acS89alxJsulKb8mUbhsaN95ns=
github.com/mhthrh/common-lib v0.0.0-20250123001659-84dc645e06fb/go.mod h1:FksLmNfiHsnnL5FQ4ixI6hJ3zcYbh+xhkKaVlSS3oaA=
github.com/mhthrh/common-lib v0.0.0-20250123002453-01891ce3e99b h1:0XjxqcEAHUl/KYnQKz5LA3nWNedhNpq6iRhW9LsTVzY=
github.com/mhthrh/common-lib v0.0.0-20250123002453-01891ce3e99b/go.mod h1:FksLmNfiHsnnL5FQ4ixI6hJ3zcYbh+xhkKaVlSS3oaA=
github.com/mhthrh/common-lib v0.0.0-20250123194039-e12e060428d7 h1:t4svSg8wwpsKbGlC75RvAkFV+Z5DHUevisR3rlBfvyY=
github.com/mhthrh/common-lib v0.0.0-20250123194039-e12e060428d7/go.mod h1:FksLmNfiHsnnL5FQ4ixI6hJ3zcYbh+xhkKaVlSS3oaA=
github.com/mhthrh/common-lib v0.0.0-20250123205115-be0f8f728c7a h1:yP6sFWyc5Mo/s5+XcbqagKDKZ+Xv4SsKfH/gstBuqCQ=
github.com/mhthrh/common-lib v0.0.0-20250123205115-be0f8f728c7a/go.mod h1:FksLmNfiHsnnL5FQ4ixI6hJ3zcYbh+xhkKaVlSS3oaA=
github.com/mhthrh/common-lib v0.0.0-20250123213600-079edbe8c73d h1:HixWQ4sQ+45WZWFa4ZJuy18J3+1VGrjbxDUiMYnuOKI=
github.com/mhthrh/common-lib v0.0.0-20250123213600-079edbe8c73d/go.mod h1:FksLmNfiHsnnL5FQ4ixI6hJ3zcYbh+xhkKaVlSS3oaA=
github.com/mhthrh/common-lib v0.0.0-20250123222009-dde0b1ba0109 h1:Gx8mCVU0TjWKY6pZICjsSh1LDyL38VjU1xUGzBb39E8=
github.com/mhthrh/common-lib v0.0.0-20250123222009-dde0b1ba0109/go.mod h1:FksLmNfiHsnnL5FQ4ixI6hJ3zcYbh+xhkKaVlSS3oaA=
github.com/mhthrh/common-lib v0.0.0-20250123222811-4d5551453445 h1:mdWUyIkkbtLe8VPjcqpbkdEfl6YWp9S7Mn5Eg7r7wVg=
github.com/mhthrh/common-lib v0.0.0-20250123222811-4d5551453445/go.mod h1:FksLmNfiHsnnL5FQ4ixI6hJ3zcYbh+xhkKaVlSS3oaA=
github.com/mhthrh/common-lib v0.0.0-20250124011355-02f444d9d1d4 h1:WkNUXENlqnt794VIU27MXcA0+8bcRvAfi0OnTrqkpdg=
github.com/mhthrh/common-lib v0.0.0-20250124011355-02f444d9d1d4/go.mod h1:FksLmNfiHsnnL5FQ4ixI6hJ3zcYbh+xhkKaVlSS3oaA=
github.com/mhthrh/common-lib v0.0.0-20250128213408-6cea5d7913f0 h1:f1LqFVDoec+6xkzNFO6g7C02RJbYqXe+2KWqVk0YHkk=
github.com/mhthrh/common-lib v0.0.0-20250128213408-6cea5d7913f0/go.mod h1:FksLmNfiHsnnL5FQ4ixI6hJ3zcYbh+xhkKaVlSS3oaA=
github.com/mhthrh/common-lib v0.0.0-20250128222427-6498aefbe796 h1:/X1BMI1v82o5NGwg7iTxSPU5F4k0GjzUGKaD95Oz9eI=
github.com/mhthrh/common-lib v0.0.0-20250128222427-6498aefbe796/go.mod h1:FksLmNfiHsnnL5FQ4ixI6hJ3zcYbh+xhkKaVlSS3oaA=
github.com/mhthrh/common-lib v0.0.0-20250128230045-797d2c37e929 h1:RUB2f8SO4HwzOXTBbCrxfMm9JQzRdCq3jtsLzcPBO9k=
github.com/mhthrh/common-lib v0.0.0-20250128230045-797d2c37e929/go.mod h1:FksLmNfiHsnnL5FQ4ixI6hJ3zcYbh+xhkKaVlSS3oaA=
github.com/mhthrh/common-lib v0.0.0-20250129001853-ed4db121fd0d h1:/t6ktA0bHIONaI7VVijdp5dug5NMlFDEvlSWytt3xU8=
github.com/mhthrh/common-lib v0.0.0-20250129001853-ed4db121fd0d/go.mod h1:g2yHYFQjiRoRz9+CBib4DHhSjrmq1PncYSpzN3BOLNg=
github.com/mhthrh/common-lib v0.0.0-20250204224139-6312f3a303f1 h1:qgzDBBQ+ZL3QP4MGncGsTJ8pIrw7CQEDJ1UIo/jnpiE=
github.com/mhthrh/common-lib v0.0.0-20250204224139-6312f3a303f1/go.mod h1:VGZccxOM9nwmozp/4csV+eJ1O/ePfDCEkDrpGXxbjQY=
github.com/mhthrh/common-lib v0.0.0-20250205193846-daa4d869b878 h1:Zdci/2skKMBCKPpm+C2GJuMp8ykrRt7ZLp17p/E3RGg=
github.com/mhthrh/common-lib v0.0.0-20250205193846-daa4d869b878/go.mod h1:sabu6xJn9nA781VYutfod5Fw1MZccHuBn96gJKNu/fs=
github.com/mhthrh/common-lib v0.0.0-20250205200217-8ce25ef698e8 h1:Q0XVxdWnvtJBrf1kqxvvnnDwYLL34Ya6tSdQ422y9Qk=
github.com/mhthrh/common-lib v0.0.0-20250205200217-8ce25ef698e8/go.mod h1:sabu6xJn9nA781VYutfod5Fw1MZccHuBn96gJKNu/fs=
github.com/mhthrh/common-lib v0.0.0-20250205213842-3856bb6c81b0 h1:Q62ztkOab5Y2MP6+GRMOkNvArZeZat8DlFnZ7rV0q9E=
github.com/mhthrh/common-lib v0.0.0-20250205213842-3856bb6c81b0/go.mod h1:sabu6xJn9nA781VYutfod5Fw1MZccHuBn96gJKNu/fs=
github.com/mhthrh/common-lib v0.0.0-20250205215807-d693511a6547 h1:xPbEFKR0YYEcgg5reFaFH0wC3cefjZlD0a7nmb/KX+k=
github.com/mhthrh/common-lib v0.0.0-20250205215807-d693511a6547/go.mod h1:sabu6xJn9nA781VYutfod5Fw1MZccHuBn96gJKNu/fs=
github.com/mhthrh/common-lib v0.0.0-20250205221116-62489e4e7540 h1:0XwuVIH3qpLkTHzLRC8t83mDZmE293KGT4q3B2UIkPo=
github.com/mhthrh/common-lib v0.0.0-20250205221116-62489e4e7540/go.mod h1:sabu6xJn9nA781VYutfod5Fw1MZccHuBn96gJKNu/fs=
github.com/mhthrh/common-lib v0.0.0-20250205223003-61fad4b4cc79 h1:fA2MY34w8EeHfydb2mpQshc/+oIE4c2Zm8HrM/IYlb0=
github.com/mhthrh/common-lib v0.0.0-20250205223003-61fad4b4cc79/go.mod h1:sabu6xJn9nA781VYutfod5Fw1MZccHuBn96gJKNu/fs=
go.uber.org/multierr v1.10.0 h1:S0h4aNzvfcFsC3dRF1jLoaov7oRaKqRGC/pUEJ2yvPQ=
go.uber.org/multierr v1.10.0/go.mod h1:20+QtiLqy0Nd6FdQB9TLXag12DsQkrbs3htMFfDN80Y=
go.uber.org/zap v1.27.0 h1:aJMhYGrd5QSmlpLMr2MftRKl7t8J8PTZPA732ud/XR8=
go.uber.org/zap v1.27.0/go.mod h1:GB2qFLM7cTU87MWRP2mPIjqfIDnGu+VIO4V/SdhGo2E=
